// !$*UTF8*$!
{
	archiveVersion = 1;
	classes = {
	};
	objectVersion = 77;
	objects = {

/* Begin PBXContainerItemProxy section */
		FA0908D92FD1AD63007814B9 /* PBXContainerItemProxy */ = {
			isa = PBXContainerItemProxy;
			containerPortal = FA0908C12FD1AD62007814B9 /* Project object */;
			proxyType = 1;
			remoteGlobalIDString = FA0908C82FD1AD62007814B9;
			remoteInfo = ClaudeDesk;
		};
		FA0908E32FD1AD63007814B9 /* PBXContainerItemProxy */ = {
			isa = PBXContainerItemProxy;
			containerPortal = FA0908C12FD1AD62007814B9 /* Project object */;
			proxyType = 1;
			remoteGlobalIDString = FA0908C82FD1AD62007814B9;
			remoteInfo = ClaudeDesk;
		};
/* End PBXContainerItemProxy section */

/* Begin PBXFileReference section */
		FA0908C92FD1AD62007814B9 /* ClaudeDesk.app */ = {isa = PBXFileReference; explicitFileType = wrapper.application; includeInIndex = 0; path = ClaudeDesk.app; sourceTree = BUILT_PRODUCTS_DIR; };
		FA0908D82FD1AD63007814B9 /* ClaudeDeskTests.xctest */ = {isa = PBXFileReference; explicitFileType = wrapper.cfbundle; includeInIndex = 0; path = ClaudeDeskTests.xctest; sourceTree = BUILT_PRODUCTS_DIR; };
		FA0908E22FD1AD63007814B9 /* ClaudeDeskUITests.xctest */ = {isa = PBXFileReference; explicitFileType = wrapper.cfbundle; includeInIndex = 0; path = ClaudeDeskUITests.xctest; sourceTree = BUILT_PRODUCTS_DIR; };
/* End PBXFileReference section */

/* Begin PBXFileSystemSynchronizedRootGroup section */
		FA0908CB2FD1AD62007814B9 /* ClaudeDesk */ = {
			isa = PBXFileSystemSynchronizedRootGroup;
			path = ClaudeDesk;
			sourceTree = "<group>";
		};
		FA0908DB2FD1AD63007814B9 /* ClaudeDeskTests */ = {
			isa = PBXFileSystemSynchronizedRootGroup;
			path = ClaudeDeskTests;
			sourceTree = "<group>";
		};
		FA0908E52FD1AD63007814B9 /* ClaudeDeskUITests */ = {
			isa = PBXFileSystemSynchronizedRootGroup;
			path = ClaudeDeskUITests;
			sourceTree = "<group>";
		};
/* End PBXFileSystemSynchronizedRootGroup section */

/* Begin PBXFrameworksBuildPhase section */
		FA0908C62FD1AD62007814B9 /* Frameworks */ = {
			isa = PBXFrameworksBuildPhase;
			buildActionMask = 2147483647;
			files = (
			);
			runOnlyForDeploymentPostprocessing = 0;
		};
		FA0908D52FD1AD63007814B9 /* Frameworks */ = {
			isa = PBXFrameworksBuildPhase;
			buildActionMask = 2147483647;
			files = (
			);
			runOnlyForDeploymentPostprocessing = 0;
		};
		FA0908DF2FD1AD63007814B9 /* Frameworks */ = {
			isa = PBXFrameworksBuildPhase;
			buildActionMask = 2147483647;
			files = (
			);
			runOnlyForDeploymentPostprocessing = 0;
		};
/* End PBXFrameworksBuildPhase section */

/* Begin PBXGroup section */
		FA0908C02FD1AD62007814B9 = {
			isa = PBXGroup;
			children = (
				FA0908CB2FD1AD62007814B9 /* ClaudeDesk */,
				FA0908DB2FD1AD63007814B9 /* ClaudeDeskTests */,
				FA0908E52FD1AD63007814B9 /* ClaudeDeskUITests */,
				FA0908CA2FD1AD62007814B9 /* Products */,
			);
			sourceTree = "<group>";
		};
		FA0908CA2FD1AD62007814B9 /* Products */ = {
			isa = PBXGroup;
			children = (
				FA0908C92FD1AD62007814B9 /* ClaudeDesk.app */,
				FA0908D82FD1AD63007814B9 /* ClaudeDeskTests.xctest */,
				FA0908E22FD1AD63007814B9 /* ClaudeDeskUITests.xctest */,
			);
			name = Products;
			sourceTree = "<group>";
		};
/* End PBXGroup section */

/* Begin PBXNativeTarget section */
		FA0908C82FD1AD62007814B9 /* ClaudeDesk */ = {
			isa = PBXNativeTarget;
			buildConfigurationList = FA0908EC2FD1AD63007814B9 /* Build configuration list for PBXNativeTarget "ClaudeDesk" */;
			buildPhases = (
				FA0908C52FD1AD62007814B9 /* Sources */,
				FA0908C62FD1AD62007814B9 /* Frameworks */,
				FA0908C72FD1AD62007814B9 /* Resources */,
			);
			buildRules = (
			);
			dependencies = (
			);
			fileSystemSynchronizedGroups = (
				FA0908CB2FD1AD62007814B9 /* ClaudeDesk */,
			);
			name = ClaudeDesk;
			packageProductDependencies = (
			);
			productName = ClaudeDesk;
			productReference = FA0908C92FD1AD62007814B9 /* ClaudeDesk.app */;
			productType = "com.apple.product-type.application";
		};
		FA0908D72FD1AD63007814B9 /* ClaudeDeskTests */ = {
			isa = PBXNativeTarget;
			buildConfigurationList = FA0908EF2FD1AD63007814B9 /* Build configuration list for PBXNativeTarget "ClaudeDeskTests" */;
			buildPhases = (
				FA0908D42FD1AD63007814B9 /* Sources */,
				FA0908D52FD1AD63007814B9 /* Frameworks */,
				FA0908D62FD1AD63007814B9 /* Resources */,
			);
			buildRules = (
			);
			dependencies = (
				FA0908DA2FD1AD63007814B9 /* PBXTargetDependency */,
			);
			fileSystemSynchronizedGroups = (
				FA0908DB2FD1AD63007814B9 /* ClaudeDeskTests */,
			);
			name = ClaudeDeskTests;
			packageProductDependencies = (
			);
			productName = ClaudeDeskTests;
			productReference = FA0908D82FD1AD63007814B9 /* ClaudeDeskTests.xctest */;
			productType = "com.apple.product-type.bundle.unit-test";
		};
		FA0908E12FD1AD63007814B9 /* ClaudeDeskUITests */ = {
			isa = PBXNativeTarget;
			buildConfigurationList = FA0908F22FD1AD63007814B9 /* Build configuration list for PBXNativeTarget "ClaudeDeskUITests" */;
			buildPhases = (
				FA0908DE2FD1AD63007814B9 /* Sources */,
				FA0908DF2FD1AD63007814B9 /* Frameworks */,
				FA0908E02FD1AD63007814B9 /* Resources */,
			);
			buildRules = (
			);
			dependencies = (
				FA0908E42FD1AD63007814B9 /* PBXTargetDependency */,
			);
			fileSystemSynchronizedGroups = (
				FA0908E52FD1AD63007814B9 /* ClaudeDeskUITests */,
			);
			name = ClaudeDeskUITests;
			packageProductDependencies = (
			);
			productName = ClaudeDeskUITests;
			productReference = FA0908E22FD1AD63007814B9 /* ClaudeDeskUITests.xctest */;
			productType = "com.apple.product-type.bundle.ui-testing";
		};
/* End PBXNativeTarget section */

/* Begin PBXProject section */
		FA0908C12FD1AD62007814B9 /* Project object */ = {
			isa = PBXProject;
			attributes = {
				BuildIndependentTargetsInParallel = 1;
				LastSwiftUpdateCheck = 2640;
				LastUpgradeCheck = 2640;
				TargetAttributes = {
					FA0908C82FD1AD62007814B9 = {
						CreatedOnToolsVersion = 26.4;
					};
					FA0908D72FD1AD63007814B9 = {
						CreatedOnToolsVersion = 26.4;
						TestTargetID = FA0908C82FD1AD62007814B9;
					};
					FA0908E12FD1AD63007814B9 = {
						CreatedOnToolsVersion = 26.4;
						TestTargetID = FA0908C82FD1AD62007814B9;
					};
				};
			};
			buildConfigurationList = FA0908C42FD1AD62007814B9 /* Build configuration list for PBXProject "ClaudeDesk" */;
			developmentRegion = en;
			hasScannedForEncodings = 0;
			knownRegions = (
				en,
				Base,
			);
			mainGroup = FA0908C02FD1AD62007814B9;
			minimizedProjectReferenceProxies = 1;
			preferredProjectObjectVersion = 77;
			productRefGroup = FA0908CA2FD1AD62007814B9 /* Products */;
			projectDirPath = "";
			projectRoot = "";
			targets = (
				FA0908C82FD1AD62007814B9 /* ClaudeDesk */,
				FA0908D72FD1AD63007814B9 /* ClaudeDeskTests */,
				FA0908E12FD1AD63007814B9 /* ClaudeDeskUITests */,
			);
		};
/* End PBXProject section */

/* Begin PBXResourcesBuildPhase section */
		FA0908C72FD1AD62007814B9 /* Resources */ = {
			isa = PBXResourcesBuildPhase;
			buildActionMask = 2147483647;
			files = (
			);
			runOnlyForDeploymentPostprocessing = 0;
		};
		FA0908D62FD1AD63007814B9 /* Resources */ = {
			isa = PBXResourcesBuildPhase;
			buildActionMask = 2147483647;
			files = (
			);
			runOnlyForDeploymentPostprocessing = 0;
		};
		FA0908E02FD1AD63007814B9 /* Resources */ = {
			isa = PBXResourcesBuildPhase;
			buildActionMask = 2147483647;
			files = (
			);
			runOnlyForDeploymentPostprocessing = 0;
		};
/* End PBXResourcesBuildPhase section */

/* Begin PBXSourcesBuildPhase section */
		FA0908C52FD1AD62007814B9 /* Sources */ = {
			isa = PBXSourcesBuildPhase;
			buildActionMask = 2147483647;
			files = (
			);
			runOnlyForDeploymentPostprocessing = 0;
		};
		FA0908D42FD1AD63007814B9 /* Sources */ = {
			isa = PBXSourcesBuildPhase;
			buildActionMask = 2147483647;
			files = (
			);
			runOnlyForDeploymentPostprocessing = 0;
		};
		FA0908DE2FD1AD63007814B9 /* Sources */ = {
			isa = PBXSourcesBuildPhase;
			buildActionMask = 2147483647;
			files = (
			);
			runOnlyForDeploymentPostprocessing = 0;
		};
/* End PBXSourcesBuildPhase section */

/* Begin PBXTargetDependency section */
		FA0908DA2FD1AD63007814B9 /* PBXTargetDependency */ = {
			isa = PBXTargetDependency;
			target = FA0908C82FD1AD62007814B9 /* ClaudeDesk */;
			targetProxy = FA0908D92FD1AD63007814B9 /* PBXContainerItemProxy */;
		};
		FA0908E42FD1AD63007814B9 /* PBXTargetDependency */ = {
			isa = PBXTargetDependency;
			target = FA0908C82FD1AD62007814B9 /* ClaudeDesk */;
			targetProxy = FA0908E32FD1AD63007814B9 /* PBXContainerItemProxy */;
		};
/* End PBXTargetDependency section */

/* Begin XCBuildConfiguration section */
		FA0908EA2FD1AD63007814B9 /* Debug */ = {
			isa = XCBuildConfiguration;
			buildSettings = {
				ALWAYS_SEARCH_USER_PATHS = NO;
				ASSETCATALOG_COMPILER_GENERATE_SWIFT_ASSET_SYMBOL_EXTENSIONS = YES;
				CLANG_ANALYZER_NONNULL = YES;
				CLANG_ANALYZER_NUMBER_OBJECT_CONVERSION = YES_AGGRESSIVE;
				CLANG_CXX_LANGUAGE_STANDARD = "gnu++20";
				CLANG_ENABLE_MODULES = YES;
				CLANG_ENABLE_OBJC_ARC = YES;
				CLANG_ENABLE_OBJC_WEAK = YES;
				CLANG_WARN_BLOCK_CAPTURE_AUTORELEASING = YES;
				CLANG_WARN_BOOL_CONVERSION = YES;
				CLANG_WARN_COMMA = YES;
				CLANG_WARN_CONSTANT_CONVERSION = YES;
				CLANG_WARN_DEPRECATED_OBJC_IMPLEMENTATIONS = YES;
				CLANG_WARN_DIRECT_OBJC_ISA_USAGE = YES_ERROR;
				CLANG_WARN_DOCUMENTATION_COMMENTS = YES;
				CLANG_WARN_EMPTY_BODY = YES;
				CLANG_WARN_ENUM_CONVERSION = YES;
				CLANG_WARN_INFINITE_RECURSION = YES;
				CLANG_WARN_INT_CONVERSION = YES;
				CLANG_WARN_NON_LITERAL_NULL_CONVERSION = YES;
				CLANG_WARN_OBJC_IMPLICIT_RETAIN_SELF = YES;
				CLANG_WARN_OBJC_LITERAL_CONVERSION = YES;
				CLANG_WARN_OBJC_ROOT_CLASS = YES_ERROR;
				CLANG_WARN_QUOTED_INCLUDE_IN_FRAMEWORK_HEADER = YES;
				CLANG_WARN_RANGE_LOOP_ANALYSIS = YES;
				CLANG_WARN_STRICT_PROTOTYPES = YES;
				CLANG_WARN_SUSPICIOUS_MOVE = YES;
				CLANG_WARN_UNGUARDED_AVAILABILITY = YES_AGGRESSIVE;
				CLANG_WARN_UNREACHABLE_CODE = YES;
				CLANG_WARN__DUPLICATE_METHOD_MATCH = YES;
				COPY_PHASE_STRIP = NO;
				DEBUG_INFORMATION_FORMAT = dwarf;
				DEVELOPMENT_TEAM = XW248VVW2V;
				ENABLE_STRICT_OBJC_MSGSEND = YES;
				ENABLE_TESTABILITY = YES;
				ENABLE_USER_SCRIPT_SANDBOXING = YES;
				GCC_C_LANGUAGE_STANDARD = gnu17;
				GCC_DYNAMIC_NO_PIC = NO;
				GCC_NO_COMMON_BLOCKS = YES;
				GCC_OPTIMIZATION_LEVEL = 0;
				GCC_PREPROCESSOR_DEFINITIONS = (
					"DEBUG=1",
					"$(inherited)",
				);
				GCC_WARN_64_TO_32_BIT_CONVERSION = YES;
				GCC_WARN_ABOUT_RETURN_TYPE = YES_ERROR;
				GCC_WARN_UNDECLARED_SELECTOR = YES;
				GCC_WARN_UNINITIALIZED_AUTOS = YES_AGGRESSIVE;
				GCC_WARN_UNUSED_FUNCTION = YES;
				GCC_WARN_UNUSED_VARIABLE = YES;
				LOCALIZATION_PREFERS_STRING_CATALOGS = YES;
				MACOSX_DEPLOYMENT_TARGET = 26.3;
				MTL_ENABLE_DEBUG_INFO = INCLUDE_SOURCE;
				MTL_FAST_MATH = YES;
				ONLY_ACTIVE_ARCH = YES;
				SDKROOT = macosx;
				SWIFT_ACTIVE_COMPILATION_CONDITIONS = "DEBUG $(inherited)";
				SWIFT_OPTIMIZATION_LEVEL = "-Onone";
			};
			name = Debug;
		};
		FA0908EB2FD1AD63007814B9 /* Release */ = {
			isa = XCBuildConfiguration;
			buildSettings = {
				ALWAYS_SEARCH_USER_PATHS = NO;
				ASSETCATALOG_COMPILER_GENERATE_SWIFT_ASSET_SYMBOL_EXTENSIONS = YES;
				CLANG_ANALYZER_NONNULL = YES;
				CLANG_ANALYZER_NUMBER_OBJECT_CONVERSION = YES_AGGRESSIVE;
				CLANG_CXX_LANGUAGE_STANDARD = "gnu++20";
				CLANG_ENABLE_MODULES = YES;
				CLANG_ENABLE_OBJC_ARC = YES;
				CLANG_ENABLE_OBJC_WEAK = YES;
				CLANG_WARN_BLOCK_CAPTURE_AUTORELEASING = YES;
				CLANG_WARN_BOOL_CONVERSION = YES;
				CLANG_WARN_COMMA = YES;
				CLANG_WARN_CONSTANT_CONVERSION = YES;
				CLANG_WARN_DEPRECATED_OBJC_IMPLEMENTATIONS = YES;
				CLANG_WARN_DIRECT_OBJC_ISA_USAGE = YES_ERROR;
				CLANG_WARN_DOCUMENTATION_COMMENTS = YES;
				CLANG_WARN_EMPTY_BODY = YES;
				CLANG_WARN_ENUM_CONVERSION = YES;
				CLANG_WARN_INFINITE_RECURSION = YES;
				CLANG_WARN_INT_CONVERSION = YES;
				CLANG_WARN_NON_LITERAL_NULL_CONVERSION = YES;
				CLANG_WARN_OBJC_IMPLICIT_RETAIN_SELF = YES;
				CLANG_WARN_OBJC_LITERAL_CONVERSION = YES;
				CLANG_WARN_OBJC_ROOT_CLASS = YES_ERROR;
				CLANG_WARN_QUOTED_INCLUDE_IN_FRAMEWORK_HEADER = YES;
				CLANG_WARN_RANGE_LOOP_ANALYSIS = YES;
				CLANG_WARN_STRICT_PROTOTYPES = YES;
				CLANG_WARN_SUSPICIOUS_MOVE = YES;
				CLANG_WARN_UNGUARDED_AVAILABILITY = YES_AGGRESSIVE;
				CLANG_WARN_UNREACHABLE_CODE = YES;
				CLANG_WARN__DUPLICATE_METHOD_MATCH = YES;
				COPY_PHASE_STRIP = NO;
				DEBUG_INFORMATION_FORMAT = "dwarf-with-dsym";
				DEVELOPMENT_TEAM = XW248VVW2V;
				ENABLE_NS_ASSERTIONS = NO;
				ENABLE_STRICT_OBJC_MSGSEND = YES;
				ENABLE_USER_SCRIPT_SANDBOXING = YES;
				GCC_C_LANGUAGE_STANDARD = gnu17;
				GCC_NO_COMMON_BLOCKS = YES;
				GCC_WARN_64_TO_32_BIT_CONVERSION = YES;
				GCC_WARN_ABOUT_RETURN_TYPE = YES_ERROR;
				GCC_WARN_UNDECLARED_SELECTOR = YES;
				GCC_WARN_UNINITIALIZED_AUTOS = YES_AGGRESSIVE;
				GCC_WARN_UNUSED_FUNCTION = YES;
				GCC_WARN_UNUSED_VARIABLE = YES;
				LOCALIZATION_PREFERS_STRING_CATALOGS = YES;
				MACOSX_DEPLOYMENT_TARGET = 26.3;
				MTL_ENABLE_DEBUG_INFO = NO;
				MTL_FAST_MATH = YES;
				SDKROOT = macosx;
				SWIFT_COMPILATION_MODE = wholemodule;
			};
			name = Release;
		};
		FA0908ED2FD1AD63007814B9 /* Debug */ = {
			isa = XCBuildConfiguration;
			buildSettings = {
				ASSETCATALOG_COMPILER_APPICON_NAME = AppIcon;
				ASSETCATALOG_COMPILER_GLOBAL_ACCENT_COLOR_NAME = AccentColor;
				CODE_SIGN_STYLE = Automatic;
				COMBINE_HIDPI_IMAGES = YES;
				CURRENT_PROJECT_VERSION = 1;
				DEVELOPMENT_TEAM = XW248VVW2V;
				ENABLE_APP_SANDBOX = YES;
				ENABLE_HARDENED_RUNTIME = YES;
				ENABLE_PREVIEWS = YES;
				ENABLE_USER_SELECTED_FILES = readonly;
				GENERATE_INFOPLIST_FILE = YES;
				INFOPLIST_KEY_NSHumanReadableCopyright = "";
				LD_RUNPATH_SEARCH_PATHS = (
					"$(inherited)",
					"@executable_path/../Frameworks",
				);
				MARKETING_VERSION = 1.0;
				PRODUCT_BUNDLE_IDENTIFIER = liucxer.ClaudeDesk;
				PRODUCT_NAME = "$(TARGET_NAME)";
				REGISTER_APP_GROUPS = YES;
				STRING_CATALOG_GENERATE_SYMBOLS = YES;
				SWIFT_APPROACHABLE_CONCURRENCY = YES;
				SWIFT_DEFAULT_ACTOR_ISOLATION = MainActor;
				SWIFT_EMIT_LOC_STRINGS = YES;
				SWIFT_UPCOMING_FEATURE_MEMBER_IMPORT_VISIBILITY = YES;
				SWIFT_VERSION = 5.0;
			};
			name = Debug;
		};
		FA0908EE2FD1AD63007814B9 /* Release */ = {
			isa = XCBuildConfiguration;
			buildSettings = {
				ASSETCATALOG_COMPILER_APPICON_NAME = AppIcon;
				ASSETCATALOG_COMPILER_GLOBAL_ACCENT_COLOR_NAME = AccentColor;
				CODE_SIGN_STYLE = Automatic;
				COMBINE_HIDPI_IMAGES = YES;
				CURRENT_PROJECT_VERSION = 1;
				DEVELOPMENT_TEAM = XW248VVW2V;
				ENABLE_APP_SANDBOX = YES;
				ENABLE_HARDENED_RUNTIME = YES;
				ENABLE_PREVIEWS = YES;
				ENABLE_USER_SELECTED_FILES = readonly;
				GENERATE_INFOPLIST_FILE = YES;
				INFOPLIST_KEY_NSHumanReadableCopyright = "";
				LD_RUNPATH_SEARCH_PATHS = (
					"$(inherited)",
					"@executable_path/../Frameworks",
				);
				MARKETING_VERSION = 1.0;
				PRODUCT_BUNDLE_IDENTIFIER = liucxer.ClaudeDesk;
				PRODUCT_NAME = "$(TARGET_NAME)";
				REGISTER_APP_GROUPS = YES;
				STRING_CATALOG_GENERATE_SYMBOLS = YES;
				SWIFT_APPROACHABLE_CONCURRENCY = YES;
				SWIFT_DEFAULT_ACTOR_ISOLATION = MainActor;
				SWIFT_EMIT_LOC_STRINGS = YES;
				SWIFT_UPCOMING_FEATURE_MEMBER_IMPORT_VISIBILITY = YES;
				SWIFT_VERSION = 5.0;
			};
			name = Release;
		};
		FA0908F02FD1AD63007814B9 /* Debug */ = {
			isa = XCBuildConfiguration;
			buildSettings = {
				BUNDLE_LOADER = "$(TEST_HOST)";
				CODE_SIGN_STYLE = Automatic;
				CURRENT_PROJECT_VERSION = 1;
				DEVELOPMENT_TEAM = XW248VVW2V;
				GENERATE_INFOPLIST_FILE = YES;
				MACOSX_DEPLOYMENT_TARGET = 26.3;
				MARKETING_VERSION = 1.0;
				PRODUCT_BUNDLE_IDENTIFIER = liucxer.ClaudeDeskTests;
				PRODUCT_NAME = "$(TARGET_NAME)";
				STRING_CATALOG_GENERATE_SYMBOLS = NO;
				SWIFT_APPROACHABLE_CONCURRENCY = YES;
				SWIFT_EMIT_LOC_STRINGS = NO;
				SWIFT_UPCOMING_FEATURE_MEMBER_IMPORT_VISIBILITY = YES;
				SWIFT_VERSION = 5.0;
				TEST_HOST = "$(BUILT_PRODUCTS_DIR)/ClaudeDesk.app/$(BUNDLE_EXECUTABLE_FOLDER_PATH)/ClaudeDesk";
			};
			name = Debug;
		};
		FA0908F12FD1AD63007814B9 /* Release */ = {
			isa = XCBuildConfiguration;
			buildSettings = {
				BUNDLE_LOADER = "$(TEST_HOST)";
				CODE_SIGN_STYLE = Automatic;
				CURRENT_PROJECT_VERSION = 1;
				DEVELOPMENT_TEAM = XW248VVW2V;
				GENERATE_INFOPLIST_FILE = YES;
				MACOSX_DEPLOYMENT_TARGET = 26.3;
				MARKETING_VERSION = 1.0;
				PRODUCT_BUNDLE_IDENTIFIER = liucxer.ClaudeDeskTests;
				PRODUCT_NAME = "$(TARGET_NAME)";
				STRING_CATALOG_GENERATE_SYMBOLS = NO;
				SWIFT_APPROACHABLE_CONCURRENCY = YES;
				SWIFT_EMIT_LOC_STRINGS = NO;
				SWIFT_UPCOMING_FEATURE_MEMBER_IMPORT_VISIBILITY = YES;
				SWIFT_VERSION = 5.0;
				TEST_HOST = "$(BUILT_PRODUCTS_DIR)/ClaudeDesk.app/$(BUNDLE_EXECUTABLE_FOLDER_PATH)/ClaudeDesk";
			};
			name = Release;
		};
		FA0908F32FD1AD63007814B9 /* Debug */ = {
			isa = XCBuildConfiguration;
			buildSettings = {
				CODE_SIGN_STYLE = Automatic;
				CURRENT_PROJECT_VERSION = 1;
				DEVELOPMENT_TEAM = XW248VVW2V;
				GENERATE_INFOPLIST_FILE = YES;
				MARKETING_VERSION = 1.0;
				PRODUCT_BUNDLE_IDENTIFIER = liucxer.ClaudeDeskUITests;
				PRODUCT_NAME = "$(TARGET_NAME)";
				STRING_CATALOG_GENERATE_SYMBOLS = NO;
				SWIFT_APPROACHABLE_CONCURRENCY = YES;
				SWIFT_EMIT_LOC_STRINGS = NO;
				SWIFT_UPCOMING_FEATURE_MEMBER_IMPORT_VISIBILITY = YES;
				SWIFT_VERSION = 5.0;
				TEST_TARGET_NAME = ClaudeDesk;
			};
			name = Debug;
		};
		FA0908F42FD1AD63007814B9 /* Release */ = {
			isa = XCBuildConfiguration;
			buildSettings = {
				CODE_SIGN_STYLE = Automatic;
				CURRENT_PROJECT_VERSION = 1;
				DEVELOPMENT_TEAM = XW248VVW2V;
				GENERATE_INFOPLIST_FILE = YES;
				MARKETING_VERSION = 1.0;
				PRODUCT_BUNDLE_IDENTIFIER = liucxer.ClaudeDeskUITests;
				PRODUCT_NAME = "$(TARGET_NAME)";
				STRING_CATALOG_GENERATE_SYMBOLS = NO;
				SWIFT_APPROACHABLE_CONCURRENCY = YES;
				SWIFT_EMIT_LOC_STRINGS = NO;
				SWIFT_UPCOMING_FEATURE_MEMBER_IMPORT_VISIBILITY = YES;
				SWIFT_VERSION = 5.0;
				TEST_TARGET_NAME = ClaudeDesk;
			};
			name = Release;
		};
/* End XCBuildConfiguration section */

/* Begin XCConfigurationList section */
		FA0908C42FD1AD62007814B9 /* Build configuration list for PBXProject "ClaudeDesk" */ = {
			isa = XCConfigurationList;
			buildConfigurations = (
				FA0908EA2FD1AD63007814B9 /* Debug */,
				FA0908EB2FD1AD63007814B9 /* Release */,
			);
			defaultConfigurationIsVisible = 0;
			defaultConfigurationName = Release;
		};
		FA0908EC2FD1AD63007814B9 /* Build configuration list for PBXNativeTarget "ClaudeDesk" */ = {
			isa = XCConfigurationList;
			buildConfigurations = (
				FA0908ED2FD1AD63007814B9 /* Debug */,
				FA0908EE2FD1AD63007814B9 /* Release */,
			);
			defaultConfigurationIsVisible = 0;
			defaultConfigurationName = Release;
		};
		FA0908EF2FD1AD63007814B9 /* Build configuration list for PBXNativeTarget "ClaudeDeskTests" */ = {
			isa = XCConfigurationList;
			buildConfigurations = (
				FA0908F02FD1AD63007814B9 /* Debug */,
				FA0908F12FD1AD63007814B9 /* Release */,
			);
			defaultConfigurationIsVisible = 0;
			defaultConfigurationName = Release;
		};
		FA0908F22FD1AD63007814B9 /* Build configuration list for PBXNativeTarget "ClaudeDeskUITests" */ = {
			isa = XCConfigurationList;
			buildConfigurations = (
				FA0908F32FD1AD63007814B9 /* Debug */,
				FA0908F42FD1AD63007814B9 /* Release */,
			);
			defaultConfigurationIsVisible = 0;
			defaultConfigurationName = Release;
		};
/* End XCConfigurationList section */
	};
	rootObject = FA0908C12FD1AD62007814B9 /* Project object */;
}
